{
  "version": 4,
  "terraform_version": "0.14.2",
  "serial": 3,
  "lineage": "c5724b16-7da2-4c47-acb1-44596e61c987",
  "outputs": {},
  "resources": [
    {
      "mode": "data",
      "type": "aws_ami",
      "name": "ubuntu",
      "provider": "provider[\"registry.terraform.io/hashicorp/aws\"]",
      "instances": [
        {
          "schema_version": 0,
          "attributes": {
            "architecture": "x86_64",
            "arn": "arn:aws:ec2:us-east-1::image/ami-0be3f0371736d5394",
            "block_device_mappings": [
              {
                "device_name": "/dev/sda1",
                "ebs": {
                  "delete_on_termination": "true",
                  "encrypted": "false",
                  "iops": "0",
                  "snapshot_id": "snap-08d948ca7d20ba88e",
                  "volume_size": "8",
                  "volume_type": "gp2"
                },
                "no_device": "",
                "virtual_name": ""
              },
              {
                "device_name": "/dev/sdb",
                "ebs": {},
                "no_device": "",
                "virtual_name": "ephemeral0"
              },
              {
                "device_name": "/dev/sdc",
                "ebs": {},
                "no_device": "",
                "virtual_name": "ephemeral1"
              }
            ],
            "creation_date": "2020-12-10T22:52:24.000Z",
            "description": "Canonical, Ubuntu, 20.04 LTS, amd64 focal image build on 2020-12-10",
            "executable_users": null,
            "filter": [
              {
                "name": "name",
                "values": [
                  "ubuntu/images/hvm-ssd/ubuntu-focal-20.04-amd64-server-*"
                ]
              },
              {
                "name": "virtualization-type",
                "values": [
                  "hvm"
                ]
              }
            ],
            "hypervisor": "xen",
            "id": "ami-0be3f0371736d5394",
            "image_id": "ami-0be3f0371736d5394",
            "image_location": "099720109477/ubuntu/images/hvm-ssd/ubuntu-focal-20.04-amd64-server-20201210",
            "image_owner_alias": null,
            "image_type": "machine",
            "kernel_id": null,
            "most_recent": true,
            "name": "ubuntu/images/hvm-ssd/ubuntu-focal-20.04-amd64-server-20201210",
            "name_regex": null,
            "owner_id": "099720109477",
            "owners": [
              "099720109477"
            ],
            "platform": null,
            "product_codes": [],
            "public": true,
            "ramdisk_id": null,
            "root_device_name": "/dev/sda1",
            "root_device_type": "ebs",
            "root_snapshot_id": "snap-08d948ca7d20ba88e",
            "sriov_net_support": "simple",
            "state": "available",
            "state_reason": {
              "code": "UNSET",
              "message": "UNSET"
            },
            "tags": {},
            "virtualization_type": "hvm"
          },
          "sensitive_attributes": []
        }
      ]
    },
    {
      "mode": "managed",
      "type": "aws_eip",
      "name": "web_ip",
      "provider": "provider[\"registry.terraform.io/hashicorp/aws\"]",
      "instances": []
    },
    {
      "mode": "managed",
      "type": "aws_key_pair",
      "name": "key",
      "provider": "provider[\"registry.terraform.io/hashicorp/aws\"]",
      "instances": [
        {
          "schema_version": 1,
          "attributes": {
            "arn": "arn:aws:ec2:us-east-1:466768461221:key-pair/aaron@cimolini.com general key",
            "fingerprint": "17:16:7c:7f:52:5e:2b:11:42:f5:62:17:dc:51:55:bc",
            "id": "aaron@cimolini.com general key",
            "key_name": "aaron@cimolini.com general key",
            "key_name_prefix": null,
            "key_pair_id": "key-0bee94545f4764140",
            "public_key": "ssh-rsa AAAAB3NzaC1yc2EAAAADAQABAAACAQDRjNDmnRZVKkoobOtfqa2NlMERmVUvUHVCdu5uG3BcgmJC5ULdNFyYMGSFOpKUcKoUTGhcAWey3igNu3o/EwBesV0ZAtIzWz3CLe4OyPFVI0dWMGgBsBj0zOdpL5HhvEOZTJ1A+ZtHZuXnV0EN8oSl8tgagcmlE5fV2wZXGJqSnergmXWaWmfXpq05nn5Bu1vh1Fi1wTWuIUMkVFKN47Uh0hCiTOKgdLGA0hedioHzOpAh8/bWZ/SeXvS3x7JDdEpYzjfKQdM/KX31aPLnI/GKz/3jIU7sj7AWTd4es4Q5NFcwMI4Qi4RAuo5IWt1BtmRrvlDpbPHGkgoEaxl+VxwwfsTnR1CDCqnRA4LnFBFoGpK0xnj86oENGy/59q+r8rUQt561dIJkFge8Il5DKGs7HU7KOtRgk2KZUxNyQVttheY3pYqki10xRIMpBGZjh3KcSpdCejgmsaqN2hj49ms+GXFXGQy2gOA+R9dswYt9GTFQbUHXIeEQ19ZneOmvZfnVDZYOXyO/5wGyMLPRP2rwp16cUDYFvNOFlJWUtwh2CdwInmNu5Hfw3CR32dGOX/WU90u9+tD5Iwyiqcd6B7ewJpuQYvdtRBIHcyVfQTW2XAeO3c70YKAGZf9ZjBptGIQu4KqAVTBxeMU8NTN5sAPLGXzvqZ+uy6B1zovC/0OdNw== aaron@cimolini.com",
            "tags": {}
          },
          "sensitive_attributes": [],
          "private": "eyJzY2hlbWFfdmVyc2lvbiI6IjEifQ=="
        }
      ]
    }
  ]
}
